
Microsoft Visual Studio Solution File, Format Version 12.00
# Visual Studio 2012
Project("{FAE04EC0-301F-11D3-BF4B-00C04F79EFBC}") = "ExileExcel", "ExileExcel\ExileExcel.csproj", "{19653910-F93F-4A02-8C8C-01710A75D66C}"
EndProject
Project("{FAE04EC0-301F-11D3-BF4B-00C04F79EFBC}") = "Demo", "Demo\Demo.csproj", "{AF71D78C-38BA-4249-A270-C5EC22694171}"
EndProject
Global
	GlobalSection(SolutionConfigurationPlatforms) = preSolution
		Debug|Any CPU = Debug|Any CPU
		Release|Any CPU = Release|Any CPU
	EndGlobalSection
	GlobalSection(ProjectConfigurationPlatforms) = postSolution
		{19653910-F93F-4A02-8C8C-01710A75D66C}.Debug|Any CPU.ActiveCfg = Debug|Any CPU
		{19653910-F93F-4A02-8C8C-01710A75D66C}.Debug|Any CPU.Build.0 = Debug|Any CPU
		{19653910-F93F-4A02-8C8C-01710A75D66C}.Release|Any CPU.ActiveCfg = Release|Any CPU
		{19653910-F93F-4A02-8C8C-01710A75D66C}.Release|Any CPU.Build.0 = Release|Any CPU
		{AF71D78C-38BA-4249-A270-C5EC22694171}.Debug|Any CPU.ActiveCfg = Debug|Any CPU
		{AF71D78C-38BA-4249-A270-C5EC22694171}.Debug|Any CPU.Build.0 = Debug|Any CPU
		{AF71D78C-38BA-4249-A270-C5EC22694171}.Release|Any CPU.ActiveCfg = Release|Any CPU
		{AF71D78C-38BA-4249-A270-C5EC22694171}.Release|Any CPU.Build.0 = Release|Any CPU
	EndGlobalSection
	GlobalSection(SolutionProperties) = preSolution
		HideSolutionNode = FALSE
	EndGlobalSection
EndGlobal
